
Microsoft Visual Studio Solution File, Format Version 12.00
# Visual Studio 2013
VisualStudioVersion = 12.0.21005.1
MinimumVisualStudioVersion = 10.0.40219.1
Project("{FAE04EC0-301F-11D3-BF4B-00C04F79EFBC}") = "Budiseng.Web.Seting", "Budiseng.Web.Seting\Budiseng.Web.Seting.csproj", "{BCFCDB43-09B3-4427-96E4-48C24CFF633B}"
EndProject
Project("{FAE04EC0-301F-11D3-BF4B-00C04F79EFBC}") = "Budiseng.GeneralUnit", "Budiseng.GeneralUnit\Budiseng.GeneralUnit.csproj", "{628633DB-F005-4354-B22D-5265DA04FB76}"
EndProject
Project("{FAE04EC0-301F-11D3-BF4B-00C04F79EFBC}") = "Budiseng.Domain.Repository", "Budiseng.Domain.Repository\Budiseng.Domain.Repository.csproj", "{3389E637-9164-4AAF-B00B-EDF77B1212D0}"
EndProject
Project("{FAE04EC0-301F-11D3-BF4B-00C04F79EFBC}") = "Budiseng.Domain.Infrastructure", "Budiseng.Domain.Infrastructure\Budiseng.Domain.Infrastructure.csproj", "{514ADA7D-170E-4D03-890F-57DFF72A0C25}"
EndProject
Project("{FAE04EC0-301F-11D3-BF4B-00C04F79EFBC}") = "Budiseng.WebApi", "Budiseng.WebApi\Budiseng.WebApi.csproj", "{BB1BCDA1-F54B-46D3-B018-0387E7855932}"
EndProject
Project("{FAE04EC0-301F-11D3-BF4B-00C04F79EFBC}") = "Budiseng.AppService", "Budiseng.AppService\Budiseng.AppService.csproj", "{E1C6DBEE-A1AE-4F18-8248-18DE244D863C}"
EndProject
Project("{2150E333-8FDC-42A3-9474-1A3956D46DE8}") = "Domain", "Domain", "{68382B75-772F-4D67-910C-C6ADDAB5F964}"
EndProject
Project("{2150E333-8FDC-42A3-9474-1A3956D46DE8}") = "Api", "Api", "{C3BB6EFE-0E07-487D-AB0F-F7CAD1BE1BE9}"
EndProject
Project("{2150E333-8FDC-42A3-9474-1A3956D46DE8}") = "General", "General", "{DE06E6E3-5189-46BE-AE8D-AB2B0E47758A}"
EndProject
Project("{2150E333-8FDC-42A3-9474-1A3956D46DE8}") = "UI", "UI", "{261B6D4A-326A-48C0-979B-A86A35DDAF8F}"
EndProject
Project("{FAE04EC0-301F-11D3-BF4B-00C04F79EFBC}") = "Budiseng.Cache", "Budiseng.Cache\Budiseng.Cache.csproj", "{2415FB89-516C-45DA-812E-D1A8048BC7D2}"
EndProject
Project("{FAE04EC0-301F-11D3-BF4B-00C04F79EFBC}") = "Budiseng.Web", "Budiseng.Web\Budiseng.Web.csproj", "{96C3832A-72AE-4B6B-B988-8EB28AEB9ADE}"
EndProject
Project("{FAE04EC0-301F-11D3-BF4B-00C04F79EFBC}") = "Budiseng.DTO", "Budiseng.DTO\Budiseng.DTO.csproj", "{9F955FA7-48F7-43A7-8AEE-D2011A89E8FE}"
EndProject
Project("{FAE04EC0-301F-11D3-BF4B-00C04F79EFBC}") = "Budiseng.Domain", "Budiseng.Domain\Budiseng.Domain.csproj", "{67F0F40A-9795-4928-B2FC-84E0B0B4BFB5}"
EndProject
Project("{FAE04EC0-301F-11D3-BF4B-00C04F79EFBC}") = "Budiseng.Dapper", "Budiseng.Dapper\Budiseng.Dapper.csproj", "{A710A1BC-DD42-41EB-83AC-D30E89C51F76}"
EndProject
Global
	GlobalSection(SolutionConfigurationPlatforms) = preSolution
		Debug|Any CPU = Debug|Any CPU
		Release|Any CPU = Release|Any CPU
	EndGlobalSection
	GlobalSection(ProjectConfigurationPlatforms) = postSolution
		{BCFCDB43-09B3-4427-96E4-48C24CFF633B}.Debug|Any CPU.ActiveCfg = Debug|Any CPU
		{BCFCDB43-09B3-4427-96E4-48C24CFF633B}.Debug|Any CPU.Build.0 = Debug|Any CPU
		{BCFCDB43-09B3-4427-96E4-48C24CFF633B}.Release|Any CPU.ActiveCfg = Release|Any CPU
		{BCFCDB43-09B3-4427-96E4-48C24CFF633B}.Release|Any CPU.Build.0 = Release|Any CPU
		{628633DB-F005-4354-B22D-5265DA04FB76}.Debug|Any CPU.ActiveCfg = Debug|Any CPU
		{628633DB-F005-4354-B22D-5265DA04FB76}.Debug|Any CPU.Build.0 = Debug|Any CPU
		{628633DB-F005-4354-B22D-5265DA04FB76}.Release|Any CPU.ActiveCfg = Release|Any CPU
		{628633DB-F005-4354-B22D-5265DA04FB76}.Release|Any CPU.Build.0 = Release|Any CPU
		{3389E637-9164-4AAF-B00B-EDF77B1212D0}.Debug|Any CPU.ActiveCfg = Debug|Any CPU
		{3389E637-9164-4AAF-B00B-EDF77B1212D0}.Debug|Any CPU.Build.0 = Debug|Any CPU
		{3389E637-9164-4AAF-B00B-EDF77B1212D0}.Release|Any CPU.ActiveCfg = Release|Any CPU
		{3389E637-9164-4AAF-B00B-EDF77B1212D0}.Release|Any CPU.Build.0 = Release|Any CPU
		{514ADA7D-170E-4D03-890F-57DFF72A0C25}.Debug|Any CPU.ActiveCfg = Debug|Any CPU
		{514ADA7D-170E-4D03-890F-57DFF72A0C25}.Debug|Any CPU.Build.0 = Debug|Any CPU
		{514ADA7D-170E-4D03-890F-57DFF72A0C25}.Release|Any CPU.ActiveCfg = Release|Any CPU
		{514ADA7D-170E-4D03-890F-57DFF72A0C25}.Release|Any CPU.Build.0 = Release|Any CPU
		{BB1BCDA1-F54B-46D3-B018-0387E7855932}.Debug|Any CPU.ActiveCfg = Debug|Any CPU
		{BB1BCDA1-F54B-46D3-B018-0387E7855932}.Debug|Any CPU.Build.0 = Debug|Any CPU
		{BB1BCDA1-F54B-46D3-B018-0387E7855932}.Release|Any CPU.ActiveCfg = Release|Any CPU
		{BB1BCDA1-F54B-46D3-B018-0387E7855932}.Release|Any CPU.Build.0 = Release|Any CPU
		{E1C6DBEE-A1AE-4F18-8248-18DE244D863C}.Debug|Any CPU.ActiveCfg = Debug|Any CPU
		{E1C6DBEE-A1AE-4F18-8248-18DE244D863C}.Debug|Any CPU.Build.0 = Debug|Any CPU
		{E1C6DBEE-A1AE-4F18-8248-18DE244D863C}.Release|Any CPU.ActiveCfg = Release|Any CPU
		{E1C6DBEE-A1AE-4F18-8248-18DE244D863C}.Release|Any CPU.Build.0 = Release|Any CPU
		{2415FB89-516C-45DA-812E-D1A8048BC7D2}.Debug|Any CPU.ActiveCfg = Debug|Any CPU
		{2415FB89-516C-45DA-812E-D1A8048BC7D2}.Debug|Any CPU.Build.0 = Debug|Any CPU
		{2415FB89-516C-45DA-812E-D1A8048BC7D2}.Release|Any CPU.ActiveCfg = Release|Any CPU
		{2415FB89-516C-45DA-812E-D1A8048BC7D2}.Release|Any CPU.Build.0 = Release|Any CPU
		{96C3832A-72AE-4B6B-B988-8EB28AEB9ADE}.Debug|Any CPU.ActiveCfg = Debug|Any CPU
		{96C3832A-72AE-4B6B-B988-8EB28AEB9ADE}.Debug|Any CPU.Build.0 = Debug|Any CPU
		{96C3832A-72AE-4B6B-B988-8EB28AEB9ADE}.Release|Any CPU.ActiveCfg = Release|Any CPU
		{96C3832A-72AE-4B6B-B988-8EB28AEB9ADE}.Release|Any CPU.Build.0 = Release|Any CPU
		{9F955FA7-48F7-43A7-8AEE-D2011A89E8FE}.Debug|Any CPU.ActiveCfg = Debug|Any CPU
		{9F955FA7-48F7-43A7-8AEE-D2011A89E8FE}.Debug|Any CPU.Build.0 = Debug|Any CPU
		{9F955FA7-48F7-43A7-8AEE-D2011A89E8FE}.Release|Any CPU.ActiveCfg = Release|Any CPU
		{9F955FA7-48F7-43A7-8AEE-D2011A89E8FE}.Release|Any CPU.Build.0 = Release|Any CPU
		{67F0F40A-9795-4928-B2FC-84E0B0B4BFB5}.Debug|Any CPU.ActiveCfg = Debug|Any CPU
		{67F0F40A-9795-4928-B2FC-84E0B0B4BFB5}.Debug|Any CPU.Build.0 = Debug|Any CPU
		{67F0F40A-9795-4928-B2FC-84E0B0B4BFB5}.Release|Any CPU.ActiveCfg = Release|Any CPU
		{67F0F40A-9795-4928-B2FC-84E0B0B4BFB5}.Release|Any CPU.Build.0 = Release|Any CPU
		{A710A1BC-DD42-41EB-83AC-D30E89C51F76}.Debug|Any CPU.ActiveCfg = Debug|Any CPU
		{A710A1BC-DD42-41EB-83AC-D30E89C51F76}.Debug|Any CPU.Build.0 = Debug|Any CPU
		{A710A1BC-DD42-41EB-83AC-D30E89C51F76}.Release|Any CPU.ActiveCfg = Release|Any CPU
		{A710A1BC-DD42-41EB-83AC-D30E89C51F76}.Release|Any CPU.Build.0 = Release|Any CPU
	EndGlobalSection
	GlobalSection(SolutionProperties) = preSolution
		HideSolutionNode = FALSE
	EndGlobalSection
	GlobalSection(NestedProjects) = preSolution
		{628633DB-F005-4354-B22D-5265DA04FB76} = {DE06E6E3-5189-46BE-AE8D-AB2B0E47758A}
		{BCFCDB43-09B3-4427-96E4-48C24CFF633B} = {DE06E6E3-5189-46BE-AE8D-AB2B0E47758A}
		{2415FB89-516C-45DA-812E-D1A8048BC7D2} = {DE06E6E3-5189-46BE-AE8D-AB2B0E47758A}
		{9F955FA7-48F7-43A7-8AEE-D2011A89E8FE} = {DE06E6E3-5189-46BE-AE8D-AB2B0E47758A}
		{A710A1BC-DD42-41EB-83AC-D30E89C51F76} = {DE06E6E3-5189-46BE-AE8D-AB2B0E47758A}
		{514ADA7D-170E-4D03-890F-57DFF72A0C25} = {68382B75-772F-4D67-910C-C6ADDAB5F964}
		{3389E637-9164-4AAF-B00B-EDF77B1212D0} = {68382B75-772F-4D67-910C-C6ADDAB5F964}
		{67F0F40A-9795-4928-B2FC-84E0B0B4BFB5} = {68382B75-772F-4D67-910C-C6ADDAB5F964}
		{E1C6DBEE-A1AE-4F18-8248-18DE244D863C} = {C3BB6EFE-0E07-487D-AB0F-F7CAD1BE1BE9}
		{BB1BCDA1-F54B-46D3-B018-0387E7855932} = {C3BB6EFE-0E07-487D-AB0F-F7CAD1BE1BE9}
		{96C3832A-72AE-4B6B-B988-8EB28AEB9ADE} = {261B6D4A-326A-48C0-979B-A86A35DDAF8F}
	EndGlobalSection
EndGlobal
